
Microsoft Visual Studio Solution File, Format Version 12.00
# Visual Studio Version 16
VisualStudioVersion = 16.0.32126.315
MinimumVisualStudioVersion = 10.0.40219.1
Project("{FAE04EC0-301F-11D3-BF4B-00C04F79EFBC}") = "WhileLoops", "WhileLoops\WhileLoops.csproj", "{695A974A-422B-43E8-ADD6-D27538A9E151}"
EndProject
Global
	GlobalSection(SolutionConfigurationPlatforms) = preSolution
		Debug|Any CPU = Debug|Any CPU
		Release|Any CPU = Release|Any CPU
	EndGlobalSection
	GlobalSection(ProjectConfigurationPlatforms) = postSolution
		{695A974A-422B-43E8-ADD6-D27538A9E151}.Debug|Any CPU.ActiveCfg = Debug|Any CPU
		{695A974A-422B-43E8-ADD6-D27538A9E151}.Debug|Any CPU.Build.0 = Debug|Any CPU
		{695A974A-422B-43E8-ADD6-D27538A9E151}.Release|Any CPU.ActiveCfg = Release|Any CPU
		{695A974A-422B-43E8-ADD6-D27538A9E151}.Release|Any CPU.Build.0 = Release|Any CPU
	EndGlobalSection
	GlobalSection(SolutionProperties) = preSolution
		HideSolutionNode = FALSE
	EndGlobalSection
	GlobalSection(ExtensibilityGlobals) = postSolution
		SolutionGuid = {E7973DC9-72A8-4804-B813-1CC8AF2E169D}
	EndGlobalSection
EndGlobal
