
Microsoft Visual Studio Solution File, Format Version 12.00
# Visual Studio Version 17
VisualStudioVersion = 17.1.32210.238
MinimumVisualStudioVersion = 10.0.40219.1
Project("{FAE04EC0-301F-11D3-BF4B-00C04F79EFBC}") = "Method Calling", "Method Calling\Method Calling.csproj", "{FDA576A3-64FC-49DC-A949-F9D13A523622}"
EndProject
Global
	GlobalSection(SolutionConfigurationPlatforms) = preSolution
		Debug|Any CPU = Debug|Any CPU
		Release|Any CPU = Release|Any CPU
	EndGlobalSection
	GlobalSection(ProjectConfigurationPlatforms) = postSolution
		{FDA576A3-64FC-49DC-A949-F9D13A523622}.Debug|Any CPU.ActiveCfg = Debug|Any CPU
		{FDA576A3-64FC-49DC-A949-F9D13A523622}.Debug|Any CPU.Build.0 = Debug|Any CPU
		{FDA576A3-64FC-49DC-A949-F9D13A523622}.Release|Any CPU.ActiveCfg = Release|Any CPU
		{FDA576A3-64FC-49DC-A949-F9D13A523622}.Release|Any CPU.Build.0 = Release|Any CPU
	EndGlobalSection
	GlobalSection(SolutionProperties) = preSolution
		HideSolutionNode = FALSE
	EndGlobalSection
	GlobalSection(ExtensibilityGlobals) = postSolution
		SolutionGuid = {D82A4C8E-212E-4591-9B20-4D5EAA021077}
	EndGlobalSection
EndGlobal
