
Microsoft Visual Studio Solution File, Format Version 12.00
# Visual Studio Version 17
VisualStudioVersion = 17.1.32210.238
MinimumVisualStudioVersion = 10.0.40219.1
Project("{FAE04EC0-301F-11D3-BF4B-00C04F79EFBC}") = "Arrays", "Arrays\Arrays.csproj", "{6989B120-B9C2-48FD-881B-E115CF0F3999}"
EndProject
Global
	GlobalSection(SolutionConfigurationPlatforms) = preSolution
		Debug|Any CPU = Debug|Any CPU
		Release|Any CPU = Release|Any CPU
	EndGlobalSection
	GlobalSection(ProjectConfigurationPlatforms) = postSolution
		{6989B120-B9C2-48FD-881B-E115CF0F3999}.Debug|Any CPU.ActiveCfg = Debug|Any CPU
		{6989B120-B9C2-48FD-881B-E115CF0F3999}.Debug|Any CPU.Build.0 = Debug|Any CPU
		{6989B120-B9C2-48FD-881B-E115CF0F3999}.Release|Any CPU.ActiveCfg = Release|Any CPU
		{6989B120-B9C2-48FD-881B-E115CF0F3999}.Release|Any CPU.Build.0 = Release|Any CPU
	EndGlobalSection
	GlobalSection(SolutionProperties) = preSolution
		HideSolutionNode = FALSE
	EndGlobalSection
	GlobalSection(ExtensibilityGlobals) = postSolution
		SolutionGuid = {1FC3E3B0-66DC-4145-817E-4F08FF07274F}
	EndGlobalSection
EndGlobal
