
Microsoft Visual Studio Solution File, Format Version 12.00
# Visual Studio Version 17
VisualStudioVersion = 17.1.32210.238
MinimumVisualStudioVersion = 10.0.40219.1
Project("{FAE04EC0-301F-11D3-BF4B-00C04F79EFBC}") = "Methods and Objects", "Methods and Objects\Methods and Objects.csproj", "{299B3930-EAAF-413F-8034-BAA742BE7673}"
EndProject
Global
	GlobalSection(SolutionConfigurationPlatforms) = preSolution
		Debug|Any CPU = Debug|Any CPU
		Release|Any CPU = Release|Any CPU
	EndGlobalSection
	GlobalSection(ProjectConfigurationPlatforms) = postSolution
		{299B3930-EAAF-413F-8034-BAA742BE7673}.Debug|Any CPU.ActiveCfg = Debug|Any CPU
		{299B3930-EAAF-413F-8034-BAA742BE7673}.Debug|Any CPU.Build.0 = Debug|Any CPU
		{299B3930-EAAF-413F-8034-BAA742BE7673}.Release|Any CPU.ActiveCfg = Release|Any CPU
		{299B3930-EAAF-413F-8034-BAA742BE7673}.Release|Any CPU.Build.0 = Release|Any CPU
	EndGlobalSection
	GlobalSection(SolutionProperties) = preSolution
		HideSolutionNode = FALSE
	EndGlobalSection
	GlobalSection(ExtensibilityGlobals) = postSolution
		SolutionGuid = {2AEADF1D-C22F-4EF7-99E7-2B8D284C7DB3}
	EndGlobalSection
EndGlobal
